
Microsoft Visual Studio Solution File, Format Version 12.00
# Visual Studio Version 17
VisualStudioVersion = 17.5.002.0
MinimumVisualStudioVersion = 10.0.40219.1
Project("{9A19103F-16F7-4668-BE54-9A1E7A4F7556}") = "Task1", "Task1\Task1.csproj", "{E29B5F41-DB50-45D0-9382-15D044056519}"
EndProject
Project("{9A19103F-16F7-4668-BE54-9A1E7A4F7556}") = "Task2", "Task2\Task2.csproj", "{D3631F01-8A5E-43D4-B45A-E9D6228A44B3}"
EndProject
Project("{9A19103F-16F7-4668-BE54-9A1E7A4F7556}") = "Task3", "Task3\Task3.csproj", "{A628537F-490D-4D9F-AEEB-949F818D9964}"
EndProject
Project("{9A19103F-16F7-4668-BE54-9A1E7A4F7556}") = "Task4", "Task4\Task4.csproj", "{66FDA043-4F66-4068-BC07-AE255F4E40BA}"
EndProject
Project("{9A19103F-16F7-4668-BE54-9A1E7A4F7556}") = "Task5", "Task5\Task5.csproj", "{E01BA431-2C0A-4AC5-8177-D46C077FAF0B}"
EndProject
Global
	GlobalSection(SolutionConfigurationPlatforms) = preSolution
		Debug|Any CPU = Debug|Any CPU
		Release|Any CPU = Release|Any CPU
	EndGlobalSection
	GlobalSection(ProjectConfigurationPlatforms) = postSolution
		{E29B5F41-DB50-45D0-9382-15D044056519}.Debug|Any CPU.ActiveCfg = Debug|Any CPU
		{E29B5F41-DB50-45D0-9382-15D044056519}.Debug|Any CPU.Build.0 = Debug|Any CPU
		{E29B5F41-DB50-45D0-9382-15D044056519}.Release|Any CPU.ActiveCfg = Release|Any CPU
		{E29B5F41-DB50-45D0-9382-15D044056519}.Release|Any CPU.Build.0 = Release|Any CPU
		{D3631F01-8A5E-43D4-B45A-E9D6228A44B3}.Debug|Any CPU.ActiveCfg = Debug|Any CPU
		{D3631F01-8A5E-43D4-B45A-E9D6228A44B3}.Debug|Any CPU.Build.0 = Debug|Any CPU
		{D3631F01-8A5E-43D4-B45A-E9D6228A44B3}.Release|Any CPU.ActiveCfg = Release|Any CPU
		{D3631F01-8A5E-43D4-B45A-E9D6228A44B3}.Release|Any CPU.Build.0 = Release|Any CPU
		{A628537F-490D-4D9F-AEEB-949F818D9964}.Debug|Any CPU.ActiveCfg = Debug|Any CPU
		{A628537F-490D-4D9F-AEEB-949F818D9964}.Debug|Any CPU.Build.0 = Debug|Any CPU
		{A628537F-490D-4D9F-AEEB-949F818D9964}.Release|Any CPU.ActiveCfg = Release|Any CPU
		{A628537F-490D-4D9F-AEEB-949F818D9964}.Release|Any CPU.Build.0 = Release|Any CPU
		{66FDA043-4F66-4068-BC07-AE255F4E40BA}.Debug|Any CPU.ActiveCfg = Debug|Any CPU
		{66FDA043-4F66-4068-BC07-AE255F4E40BA}.Debug|Any CPU.Build.0 = Debug|Any CPU
		{66FDA043-4F66-4068-BC07-AE255F4E40BA}.Release|Any CPU.ActiveCfg = Release|Any CPU
		{66FDA043-4F66-4068-BC07-AE255F4E40BA}.Release|Any CPU.Build.0 = Release|Any CPU
		{E01BA431-2C0A-4AC5-8177-D46C077FAF0B}.Debug|Any CPU.ActiveCfg = Debug|Any CPU
		{E01BA431-2C0A-4AC5-8177-D46C077FAF0B}.Debug|Any CPU.Build.0 = Debug|Any CPU
		{E01BA431-2C0A-4AC5-8177-D46C077FAF0B}.Release|Any CPU.ActiveCfg = Release|Any CPU
		{E01BA431-2C0A-4AC5-8177-D46C077FAF0B}.Release|Any CPU.Build.0 = Release|Any CPU
	EndGlobalSection
	GlobalSection(SolutionProperties) = preSolution
		HideSolutionNode = FALSE
	EndGlobalSection
	GlobalSection(ExtensibilityGlobals) = postSolution
		SolutionGuid = {CF900450-5482-4304-97BB-FB335BE382CE}
	EndGlobalSection
EndGlobal
